// !$*UTF8*$!
{
	archiveVersion = 1;
	classes = {
	};
	objectVersion = 48;
	objects = {

/* Begin PBXBuildFile section */
		8393D5091F4B8D3A002B35AD /* AppDelegate.swift in Sources */ = {isa = PBXBuildFile; fileRef = 8393D5081F4B8D3A002B35AD /* AppDelegate.swift */; };
		8393D50B1F4B8D3A002B35AD /* art.scnassets in Resources */ = {isa = PBXBuildFile; fileRef = 8393D50A1F4B8D3A002B35AD /* art.scnassets */; };
		8393D50D1F4B8D3A002B35AD /* ViewController.swift in Sources */ = {isa = PBXBuildFile; fileRef = 8393D50C1F4B8D3A002B35AD /* ViewController.swift */; };
		8393D5101F4B8D3A002B35AD /* Main.storyboard in Resources */ = {isa = PBXBuildFile; fileRef = 8393D50E1F4B8D3A002B35AD /* Main.storyboard */; };
		8393D5121F4B8D3A002B35AD /* Assets.xcassets in Resources */ = {isa = PBXBuildFile; fileRef = 8393D5111F4B8D3A002B35AD /* Assets.xcassets */; };
		8393D5151F4B8D3A002B35AD /* LaunchScreen.storyboard in Resources */ = {isa = PBXBuildFile; fileRef = 8393D5131F4B8D3A002B35AD /* LaunchScreen.storyboard */; };
/* End PBXBuildFile section */

/* Begin PBXFileReference section */
		8393D5051F4B8D3A002B35AD /* TreasureOpen.app */ = {isa = PBXFileReference; explicitFileType = wrapper.application; includeInIndex = 0; path = TreasureOpen.app; sourceTree = BUILT_PRODUCTS_DIR; };
		8393D5081F4B8D3A002B35AD /* AppDelegate.swift */ = {isa = PBXFileReference; lastKnownFileType = sourcecode.swift; path = AppDelegate.swift; sourceTree = "<group>"; };
		8393D50A1F4B8D3A002B35AD /* art.scnassets */ = {isa = PBXFileReference; lastKnownFileType = wrapper.scnassets; path = art.scnassets; sourceTree = "<group>"; };
		8393D50C1F4B8D3A002B35AD /* ViewController.swift */ = {isa = PBXFileReference; lastKnownFileType = sourcecode.swift; path = ViewController.swift; sourceTree = "<group>"; };
		8393D50F1F4B8D3A002B35AD /* Base */ = {isa = PBXFileReference; lastKnownFileType = file.storyboard; name = Base; path = Base.lproj/Main.storyboard; sourceTree = "<group>"; };
		8393D5111F4B8D3A002B35AD /* Assets.xcassets */ = {isa = PBXFileReference; lastKnownFileType = folder.assetcatalog; path = Assets.xcassets; sourceTree = "<group>"; };
		8393D5141F4B8D3A002B35AD /* Base */ = {isa = PBXFileReference; lastKnownFileType = file.storyboard; name = Base; path = Base.lproj/LaunchScreen.storyboard; sourceTree = "<group>"; };
		8393D5161F4B8D3A002B35AD /* Info.plist */ = {isa = PBXFileReference; lastKnownFileType = text.plist.xml; path = Info.plist; sourceTree = "<group>"; };
/* End PBXFileReference section */

/* Begin PBXFrameworksBuildPhase section */
		8393D5021F4B8D3A002B35AD /* Frameworks */ = {
			isa = PBXFrameworksBuildPhase;
			buildActionMask = 2147483647;
			files = (
			);
			runOnlyForDeploymentPostprocessing = 0;
		};
/* End PBXFrameworksBuildPhase section */

/* Begin PBXGroup section */
		8393D4FC1F4B8D3A002B35AD = {
			isa = PBXGroup;
			children = (
				8393D5071F4B8D3A002B35AD /* TreasureOpen */,
				8393D5061F4B8D3A002B35AD /* Products */,
			);
			sourceTree = "<group>";
		};
		8393D5061F4B8D3A002B35AD /* Products */ = {
			isa = PBXGroup;
			children = (
				8393D5051F4B8D3A002B35AD /* TreasureOpen.app */,
			);
			name = Products;
			sourceTree = "<group>";
		};
		8393D5071F4B8D3A002B35AD /* TreasureOpen */ = {
			isa = PBXGroup;
			children = (
				8393D5081F4B8D3A002B35AD /* AppDelegate.swift */,
				8393D50A1F4B8D3A002B35AD /* art.scnassets */,
				8393D50C1F4B8D3A002B35AD /* ViewController.swift */,
				8393D50E1F4B8D3A002B35AD /* Main.storyboard */,
				8393D5111F4B8D3A002B35AD /* Assets.xcassets */,
				8393D5131F4B8D3A002B35AD /* LaunchScreen.storyboard */,
				8393D5161F4B8D3A002B35AD /* Info.plist */,
			);
			path = TreasureOpen;
			sourceTree = "<group>";
		};
/* End PBXGroup section */

/* Begin PBXNativeTarget section */
		8393D5041F4B8D3A002B35AD /* TreasureOpen */ = {
			isa = PBXNativeTarget;
			buildConfigurationList = 8393D5191F4B8D3A002B35AD /* Build configuration list for PBXNativeTarget "TreasureOpen" */;
			buildPhases = (
				8393D5011F4B8D3A002B35AD /* Sources */,
				8393D5021F4B8D3A002B35AD /* Frameworks */,
				8393D5031F4B8D3A002B35AD /* Resources */,
			);
			buildRules = (
			);
			dependencies = (
			);
			name = TreasureOpen;
			productName = TreasureOpen;
			productReference = 8393D5051F4B8D3A002B35AD /* TreasureOpen.app */;
			productType = "com.apple.product-type.application";
		};
/* End PBXNativeTarget section */

/* Begin PBXProject section */
		8393D4FD1F4B8D3A002B35AD /* Project object */ = {
			isa = PBXProject;
			attributes = {
				LastSwiftUpdateCheck = 0900;
				LastUpgradeCheck = 0900;
				ORGANIZATIONNAME = Udacity;
				TargetAttributes = {
					8393D5041F4B8D3A002B35AD = {
						CreatedOnToolsVersion = 9.0;
					};
				};
			};
			buildConfigurationList = 8393D5001F4B8D3A002B35AD /* Build configuration list for PBXProject "TreasureOpen" */;
			compatibilityVersion = "Xcode 8.0";
			developmentRegion = en;
			hasScannedForEncodings = 0;
			knownRegions = (
				en,
				Base,
			);
			mainGroup = 8393D4FC1F4B8D3A002B35AD;
			productRefGroup = 8393D5061F4B8D3A002B35AD /* Products */;
			projectDirPath = "";
			projectRoot = "";
			targets = (
				8393D5041F4B8D3A002B35AD /* TreasureOpen */,
			);
		};
/* End PBXProject section */

/* Begin PBXResourcesBuildPhase section */
		8393D5031F4B8D3A002B35AD /* Resources */ = {
			isa = PBXResourcesBuildPhase;
			buildActionMask = 2147483647;
			files = (
				8393D50B1F4B8D3A002B35AD /* art.scnassets in Resources */,
				8393D5151F4B8D3A002B35AD /* LaunchScreen.storyboard in Resources */,
				8393D5121F4B8D3A002B35AD /* Assets.xcassets in Resources */,
				8393D5101F4B8D3A002B35AD /* Main.storyboard in Resources */,
			);
			runOnlyForDeploymentPostprocessing = 0;
		};
/* End PBXResourcesBuildPhase section */

/* Begin PBXSourcesBuildPhase section */
		8393D5011F4B8D3A002B35AD /* Sources */ = {
			isa = PBXSourcesBuildPhase;
			buildActionMask = 2147483647;
			files = (
				8393D50D1F4B8D3A002B35AD /* ViewController.swift in Sources */,
				8393D5091F4B8D3A002B35AD /* AppDelegate.swift in Sources */,
			);
			runOnlyForDeploymentPostprocessing = 0;
		};
/* End PBXSourcesBuildPhase section */

/* Begin PBXVariantGroup section */
		8393D50E1F4B8D3A002B35AD /* Main.storyboard */ = {
			isa = PBXVariantGroup;
			children = (
				8393D50F1F4B8D3A002B35AD /* Base */,
			);
			name = Main.storyboard;
			sourceTree = "<group>";
		};
		8393D5131F4B8D3A002B35AD /* LaunchScreen.storyboard */ = {
			isa = PBXVariantGroup;
			children = (
				8393D5141F4B8D3A002B35AD /* Base */,
			);
			name = LaunchScreen.storyboard;
			sourceTree = "<group>";
		};
/* End PBXVariantGroup section */

/* Begin XCBuildConfiguration section */
		8393D5171F4B8D3A002B35AD /* Debug */ = {
			isa = XCBuildConfiguration;
			buildSettings = {
				ALWAYS_SEARCH_USER_PATHS = NO;
				CLANG_ANALYZER_NONNULL = YES;
				CLANG_ANALYZER_NUMBER_OBJECT_CONVERSION = YES_AGGRESSIVE;
				CLANG_CXX_LANGUAGE_STANDARD = "gnu++14";
				CLANG_CXX_LIBRARY = "libc++";
				CLANG_ENABLE_MODULES = YES;
				CLANG_ENABLE_OBJC_ARC = YES;
				CLANG_WARN_BLOCK_CAPTURE_AUTORELEASING = YES;
				CLANG_WARN_BOOL_CONVERSION = YES;
				CLANG_WARN_COMMA = YES;
				CLANG_WARN_CONSTANT_CONVERSION = YES;
				CLANG_WARN_DIRECT_OBJC_ISA_USAGE = YES_ERROR;
				CLANG_WARN_DOCUMENTATION_COMMENTS = YES;
				CLANG_WARN_EMPTY_BODY = YES;
				CLANG_WARN_ENUM_CONVERSION = YES;
				CLANG_WARN_INFINITE_RECURSION = YES;
				CLANG_WARN_INT_CONVERSION = YES;
				CLANG_WARN_NON_LITERAL_NULL_CONVERSION = YES;
				CLANG_WARN_OBJC_LITERAL_CONVERSION = YES;
				CLANG_WARN_OBJC_ROOT_CLASS = YES_ERROR;
				CLANG_WARN_RANGE_LOOP_ANALYSIS = YES;
				CLANG_WARN_STRICT_PROTOTYPES = YES;
				CLANG_WARN_SUSPICIOUS_MOVE = YES;
				CLANG_WARN_UNGUARDED_AVAILABILITY = YES_AGGRESSIVE;
				CLANG_WARN_UNREACHABLE_CODE = YES;
				CLANG_WARN__DUPLICATE_METHOD_MATCH = YES;
				CODE_SIGN_IDENTITY = "iPhone Developer";
				COPY_PHASE_STRIP = NO;
				DEBUG_INFORMATION_FORMAT = dwarf;
				ENABLE_STRICT_OBJC_MSGSEND = YES;
				ENABLE_TESTABILITY = YES;
				GCC_C_LANGUAGE_STANDARD = gnu11;
				GCC_DYNAMIC_NO_PIC = NO;
				GCC_NO_COMMON_BLOCKS = YES;
				GCC_OPTIMIZATION_LEVEL = 0;
				GCC_PREPROCESSOR_DEFINITIONS = (
					"DEBUG=1",
					"$(inherited)",
				);
				GCC_WARN_64_TO_32_BIT_CONVERSION = YES;
				GCC_WARN_ABOUT_RETURN_TYPE = YES_ERROR;
				GCC_WARN_UNDECLARED_SELECTOR = YES;
				GCC_WARN_UNINITIALIZED_AUTOS = YES_AGGRESSIVE;
				GCC_WARN_UNUSED_FUNCTION = YES;
				GCC_WARN_UNUSED_VARIABLE = YES;
				IPHONEOS_DEPLOYMENT_TARGET = 11.0;
				MTL_ENABLE_DEBUG_INFO = YES;
				ONLY_ACTIVE_ARCH = YES;
				SDKROOT = iphoneos;
				SWIFT_ACTIVE_COMPILATION_CONDITIONS = DEBUG;
				SWIFT_OPTIMIZATION_LEVEL = "-Onone";
			};
			name = Debug;
		};
		8393D5181F4B8D3A002B35AD /* Release */ = {
			isa = XCBuildConfiguration;
			buildSettings = {
				ALWAYS_SEARCH_USER_PATHS = NO;
				CLANG_ANALYZER_NONNULL = YES;
				CLANG_ANALYZER_NUMBER_OBJECT_CONVERSION = YES_AGGRESSIVE;
				CLANG_CXX_LANGUAGE_STANDARD = "gnu++14";
				CLANG_CXX_LIBRARY = "libc++";
				CLANG_ENABLE_MODULES = YES;
				CLANG_ENABLE_OBJC_ARC = YES;
				CLANG_WARN_BLOCK_CAPTURE_AUTORELEASING = YES;
				CLANG_WARN_BOOL_CONVERSION = YES;
				CLANG_WARN_COMMA = YES;
				CLANG_WARN_CONSTANT_CONVERSION = YES;
				CLANG_WARN_DIRECT_OBJC_ISA_USAGE = YES_ERROR;
				CLANG_WARN_DOCUMENTATION_COMMENTS = YES;
				CLANG_WARN_EMPTY_BODY = YES;
				CLANG_WARN_ENUM_CONVERSION = YES;
				CLANG_WARN_INFINITE_RECURSION = YES;
				CLANG_WARN_INT_CONVERSION = YES;
				CLANG_WARN_NON_LITERAL_NULL_CONVERSION = YES;
				CLANG_WARN_OBJC_LITERAL_CONVERSION = YES;
				CLANG_WARN_OBJC_ROOT_CLASS = YES_ERROR;
				CLANG_WARN_RANGE_LOOP_ANALYSIS = YES;
				CLANG_WARN_STRICT_PROTOTYPES = YES;
				CLANG_WARN_SUSPICIOUS_MOVE = YES;
				CLANG_WARN_UNGUARDED_AVAILABILITY = YES_AGGRESSIVE;
				CLANG_WARN_UNREACHABLE_CODE = YES;
				CLANG_WARN__DUPLICATE_METHOD_MATCH = YES;
				CODE_SIGN_IDENTITY = "iPhone Developer";
				COPY_PHASE_STRIP = NO;
				DEBUG_INFORMATION_FORMAT = "dwarf-with-dsym";
				ENABLE_NS_ASSERTIONS = NO;
				ENABLE_STRICT_OBJC_MSGSEND = YES;
				GCC_C_LANGUAGE_STANDARD = gnu11;
				GCC_NO_COMMON_BLOCKS = YES;
				GCC_WARN_64_TO_32_BIT_CONVERSION = YES;
				GCC_WARN_ABOUT_RETURN_TYPE = YES_ERROR;
				GCC_WARN_UNDECLARED_SELECTOR = YES;
				GCC_WARN_UNINITIALIZED_AUTOS = YES_AGGRESSIVE;
				GCC_WARN_UNUSED_FUNCTION = YES;
				GCC_WARN_UNUSED_VARIABLE = YES;
				IPHONEOS_DEPLOYMENT_TARGET = 11.0;
				MTL_ENABLE_DEBUG_INFO = NO;
				SDKROOT = iphoneos;
				SWIFT_OPTIMIZATION_LEVEL = "-Owholemodule";
				VALIDATE_PRODUCT = YES;
			};
			name = Release;
		};
		8393D51A1F4B8D3A002B35AD /* Debug */ = {
			isa = XCBuildConfiguration;
			buildSettings = {
				ASSETCATALOG_COMPILER_APPICON_NAME = AppIcon;
				DEVELOPMENT_TEAM = 34X38528D2;
				INFOPLIST_FILE = TreasureOpen/Info.plist;
				LD_RUNPATH_SEARCH_PATHS = "$(inherited) @executable_path/Frameworks";
				PRODUCT_BUNDLE_IDENTIFIER = udacity.TreasureOpen;
				PRODUCT_NAME = "$(TARGET_NAME)";
				SWIFT_VERSION = 4.0;
				TARGETED_DEVICE_FAMILY = "1,2";
			};
			name = Debug;
		};
		8393D51B1F4B8D3A002B35AD /* Release */ = {
			isa = XCBuildConfiguration;
			buildSettings = {
				ASSETCATALOG_COMPILER_APPICON_NAME = AppIcon;
				DEVELOPMENT_TEAM = 34X38528D2;
				INFOPLIST_FILE = TreasureOpen/Info.plist;
				LD_RUNPATH_SEARCH_PATHS = "$(inherited) @executable_path/Frameworks";
				PRODUCT_BUNDLE_IDENTIFIER = udacity.TreasureOpen;
				PRODUCT_NAME = "$(TARGET_NAME)";
				SWIFT_VERSION = 4.0;
				TARGETED_DEVICE_FAMILY = "1,2";
			};
			name = Release;
		};
/* End XCBuildConfiguration section */

/* Begin XCConfigurationList section */
		8393D5001F4B8D3A002B35AD /* Build configuration list for PBXProject "TreasureOpen" */ = {
			isa = XCConfigurationList;
			buildConfigurations = (
				8393D5171F4B8D3A002B35AD /* Debug */,
				8393D5181F4B8D3A002B35AD /* Release */,
			);
			defaultConfigurationIsVisible = 0;
			defaultConfigurationName = Release;
		};
		8393D5191F4B8D3A002B35AD /* Build configuration list for PBXNativeTarget "TreasureOpen" */ = {
			isa = XCConfigurationList;
			buildConfigurations = (
				8393D51A1F4B8D3A002B35AD /* Debug */,
				8393D51B1F4B8D3A002B35AD /* Release */,
			);
			defaultConfigurationIsVisible = 0;
			defaultConfigurationName = Release;
		};
/* End XCConfigurationList section */
	};
	rootObject = 8393D4FD1F4B8D3A002B35AD /* Project object */;
}
