// !$*UTF8*$!
{
	archiveVersion = 1;
	classes = {
	};
	objectVersion = 48;
	objects = {

/* Begin PBXBuildFile section */
		83C2B7051F3BCC8B0008756E /* AppDelegate.swift in Sources */ = {isa = PBXBuildFile; fileRef = 83C2B7041F3BCC8B0008756E /* AppDelegate.swift */; };
		83C2B7071F3BCC8B0008756E /* art.scnassets in Resources */ = {isa = PBXBuildFile; fileRef = 83C2B7061F3BCC8B0008756E /* art.scnassets */; };
		83C2B7091F3BCC8B0008756E /* ViewController.swift in Sources */ = {isa = PBXBuildFile; fileRef = 83C2B7081F3BCC8B0008756E /* ViewController.swift */; };
		83C2B70C1F3BCC8B0008756E /* Main.storyboard in Resources */ = {isa = PBXBuildFile; fileRef = 83C2B70A1F3BCC8B0008756E /* Main.storyboard */; };
		83C2B70E1F3BCC8B0008756E /* Assets.xcassets in Resources */ = {isa = PBXBuildFile; fileRef = 83C2B70D1F3BCC8B0008756E /* Assets.xcassets */; };
		83C2B7111F3BCC8B0008756E /* LaunchScreen.storyboard in Resources */ = {isa = PBXBuildFile; fileRef = 83C2B70F1F3BCC8B0008756E /* LaunchScreen.storyboard */; };
/* End PBXBuildFile section */

/* Begin PBXFileReference section */
		83C2B7011F3BCC8B0008756E /* scenekit-arkit-campfire.app */ = {isa = PBXFileReference; explicitFileType = wrapper.application; includeInIndex = 0; path = "scenekit-arkit-campfire.app"; sourceTree = BUILT_PRODUCTS_DIR; };
		83C2B7041F3BCC8B0008756E /* AppDelegate.swift */ = {isa = PBXFileReference; lastKnownFileType = sourcecode.swift; path = AppDelegate.swift; sourceTree = "<group>"; };
		83C2B7061F3BCC8B0008756E /* art.scnassets */ = {isa = PBXFileReference; lastKnownFileType = wrapper.scnassets; path = art.scnassets; sourceTree = "<group>"; };
		83C2B7081F3BCC8B0008756E /* ViewController.swift */ = {isa = PBXFileReference; lastKnownFileType = sourcecode.swift; path = ViewController.swift; sourceTree = "<group>"; };
		83C2B70B1F3BCC8B0008756E /* Base */ = {isa = PBXFileReference; lastKnownFileType = file.storyboard; name = Base; path = Base.lproj/Main.storyboard; sourceTree = "<group>"; };
		83C2B70D1F3BCC8B0008756E /* Assets.xcassets */ = {isa = PBXFileReference; lastKnownFileType = folder.assetcatalog; path = Assets.xcassets; sourceTree = "<group>"; };
		83C2B7101F3BCC8B0008756E /* Base */ = {isa = PBXFileReference; lastKnownFileType = file.storyboard; name = Base; path = Base.lproj/LaunchScreen.storyboard; sourceTree = "<group>"; };
		83C2B7121F3BCC8B0008756E /* Info.plist */ = {isa = PBXFileReference; lastKnownFileType = text.plist.xml; path = Info.plist; sourceTree = "<group>"; };
/* End PBXFileReference section */

/* Begin PBXFrameworksBuildPhase section */
		83C2B6FE1F3BCC8B0008756E /* Frameworks */ = {
			isa = PBXFrameworksBuildPhase;
			buildActionMask = 2147483647;
			files = (
			);
			runOnlyForDeploymentPostprocessing = 0;
		};
/* End PBXFrameworksBuildPhase section */

/* Begin PBXGroup section */
		83C2B6F81F3BCC8B0008756E = {
			isa = PBXGroup;
			children = (
				83C2B7031F3BCC8B0008756E /* scenekit-arkit-campfire */,
				83C2B7021F3BCC8B0008756E /* Products */,
			);
			sourceTree = "<group>";
		};
		83C2B7021F3BCC8B0008756E /* Products */ = {
			isa = PBXGroup;
			children = (
				83C2B7011F3BCC8B0008756E /* scenekit-arkit-campfire.app */,
			);
			name = Products;
			sourceTree = "<group>";
		};
		83C2B7031F3BCC8B0008756E /* scenekit-arkit-campfire */ = {
			isa = PBXGroup;
			children = (
				83C2B7041F3BCC8B0008756E /* AppDelegate.swift */,
				83C2B7061F3BCC8B0008756E /* art.scnassets */,
				83C2B7081F3BCC8B0008756E /* ViewController.swift */,
				83C2B70A1F3BCC8B0008756E /* Main.storyboard */,
				83C2B70D1F3BCC8B0008756E /* Assets.xcassets */,
				83C2B70F1F3BCC8B0008756E /* LaunchScreen.storyboard */,
				83C2B7121F3BCC8B0008756E /* Info.plist */,
			);
			path = "scenekit-arkit-campfire";
			sourceTree = "<group>";
		};
/* End PBXGroup section */

/* Begin PBXNativeTarget section */
		83C2B7001F3BCC8B0008756E /* scenekit-arkit-campfire */ = {
			isa = PBXNativeTarget;
			buildConfigurationList = 83C2B7151F3BCC8B0008756E /* Build configuration list for PBXNativeTarget "scenekit-arkit-campfire" */;
			buildPhases = (
				83C2B6FD1F3BCC8B0008756E /* Sources */,
				83C2B6FE1F3BCC8B0008756E /* Frameworks */,
				83C2B6FF1F3BCC8B0008756E /* Resources */,
			);
			buildRules = (
			);
			dependencies = (
			);
			name = "scenekit-arkit-campfire";
			productName = "scenekit-arkit-campfire";
			productReference = 83C2B7011F3BCC8B0008756E /* scenekit-arkit-campfire.app */;
			productType = "com.apple.product-type.application";
		};
/* End PBXNativeTarget section */

/* Begin PBXProject section */
		83C2B6F91F3BCC8B0008756E /* Project object */ = {
			isa = PBXProject;
			attributes = {
				LastSwiftUpdateCheck = 0900;
				LastUpgradeCheck = 0900;
				ORGANIZATIONNAME = Udacity;
				TargetAttributes = {
					83C2B7001F3BCC8B0008756E = {
						CreatedOnToolsVersion = 9.0;
					};
				};
			};
			buildConfigurationList = 83C2B6FC1F3BCC8B0008756E /* Build configuration list for PBXProject "scenekit-arkit-campfire" */;
			compatibilityVersion = "Xcode 8.0";
			developmentRegion = en;
			hasScannedForEncodings = 0;
			knownRegions = (
				en,
				Base,
			);
			mainGroup = 83C2B6F81F3BCC8B0008756E;
			productRefGroup = 83C2B7021F3BCC8B0008756E /* Products */;
			projectDirPath = "";
			projectRoot = "";
			targets = (
				83C2B7001F3BCC8B0008756E /* scenekit-arkit-campfire */,
			);
		};
/* End PBXProject section */

/* Begin PBXResourcesBuildPhase section */
		83C2B6FF1F3BCC8B0008756E /* Resources */ = {
			isa = PBXResourcesBuildPhase;
			buildActionMask = 2147483647;
			files = (
				83C2B7071F3BCC8B0008756E /* art.scnassets in Resources */,
				83C2B7111F3BCC8B0008756E /* LaunchScreen.storyboard in Resources */,
				83C2B70E1F3BCC8B0008756E /* Assets.xcassets in Resources */,
				83C2B70C1F3BCC8B0008756E /* Main.storyboard in Resources */,
			);
			runOnlyForDeploymentPostprocessing = 0;
		};
/* End PBXResourcesBuildPhase section */

/* Begin PBXSourcesBuildPhase section */
		83C2B6FD1F3BCC8B0008756E /* Sources */ = {
			isa = PBXSourcesBuildPhase;
			buildActionMask = 2147483647;
			files = (
				83C2B7091F3BCC8B0008756E /* ViewController.swift in Sources */,
				83C2B7051F3BCC8B0008756E /* AppDelegate.swift in Sources */,
			);
			runOnlyForDeploymentPostprocessing = 0;
		};
/* End PBXSourcesBuildPhase section */

/* Begin PBXVariantGroup section */
		83C2B70A1F3BCC8B0008756E /* Main.storyboard */ = {
			isa = PBXVariantGroup;
			children = (
				83C2B70B1F3BCC8B0008756E /* Base */,
			);
			name = Main.storyboard;
			sourceTree = "<group>";
		};
		83C2B70F1F3BCC8B0008756E /* LaunchScreen.storyboard */ = {
			isa = PBXVariantGroup;
			children = (
				83C2B7101F3BCC8B0008756E /* Base */,
			);
			name = LaunchScreen.storyboard;
			sourceTree = "<group>";
		};
/* End PBXVariantGroup section */

/* Begin XCBuildConfiguration section */
		83C2B7131F3BCC8B0008756E /* Debug */ = {
			isa = XCBuildConfiguration;
			buildSettings = {
				ALWAYS_SEARCH_USER_PATHS = NO;
				CLANG_ANALYZER_NONNULL = YES;
				CLANG_ANALYZER_NUMBER_OBJECT_CONVERSION = YES_AGGRESSIVE;
				CLANG_CXX_LANGUAGE_STANDARD = "gnu++14";
				CLANG_CXX_LIBRARY = "libc++";
				CLANG_ENABLE_MODULES = YES;
				CLANG_ENABLE_OBJC_ARC = YES;
				CLANG_WARN_BLOCK_CAPTURE_AUTORELEASING = YES;
				CLANG_WARN_BOOL_CONVERSION = YES;
				CLANG_WARN_COMMA = YES;
				CLANG_WARN_CONSTANT_CONVERSION = YES;
				CLANG_WARN_DIRECT_OBJC_ISA_USAGE = YES_ERROR;
				CLANG_WARN_DOCUMENTATION_COMMENTS = YES;
				CLANG_WARN_EMPTY_BODY = YES;
				CLANG_WARN_ENUM_CONVERSION = YES;
				CLANG_WARN_INFINITE_RECURSION = YES;
				CLANG_WARN_INT_CONVERSION = YES;
				CLANG_WARN_NON_LITERAL_NULL_CONVERSION = YES;
				CLANG_WARN_OBJC_LITERAL_CONVERSION = YES;
				CLANG_WARN_OBJC_ROOT_CLASS = YES_ERROR;
				CLANG_WARN_RANGE_LOOP_ANALYSIS = YES;
				CLANG_WARN_STRICT_PROTOTYPES = YES;
				CLANG_WARN_SUSPICIOUS_MOVE = YES;
				CLANG_WARN_UNGUARDED_AVAILABILITY = YES_AGGRESSIVE;
				CLANG_WARN_UNREACHABLE_CODE = YES;
				CLANG_WARN__DUPLICATE_METHOD_MATCH = YES;
				CODE_SIGN_IDENTITY = "iPhone Developer";
				COPY_PHASE_STRIP = NO;
				DEBUG_INFORMATION_FORMAT = dwarf;
				ENABLE_STRICT_OBJC_MSGSEND = YES;
				ENABLE_TESTABILITY = YES;
				GCC_C_LANGUAGE_STANDARD = gnu11;
				GCC_DYNAMIC_NO_PIC = NO;
				GCC_NO_COMMON_BLOCKS = YES;
				GCC_OPTIMIZATION_LEVEL = 0;
				GCC_PREPROCESSOR_DEFINITIONS = (
					"DEBUG=1",
					"$(inherited)",
				);
				GCC_WARN_64_TO_32_BIT_CONVERSION = YES;
				GCC_WARN_ABOUT_RETURN_TYPE = YES_ERROR;
				GCC_WARN_UNDECLARED_SELECTOR = YES;
				GCC_WARN_UNINITIALIZED_AUTOS = YES_AGGRESSIVE;
				GCC_WARN_UNUSED_FUNCTION = YES;
				GCC_WARN_UNUSED_VARIABLE = YES;
				IPHONEOS_DEPLOYMENT_TARGET = 11.0;
				MTL_ENABLE_DEBUG_INFO = YES;
				ONLY_ACTIVE_ARCH = YES;
				SDKROOT = iphoneos;
				SWIFT_ACTIVE_COMPILATION_CONDITIONS = DEBUG;
				SWIFT_OPTIMIZATION_LEVEL = "-Onone";
			};
			name = Debug;
		};
		83C2B7141F3BCC8B0008756E /* Release */ = {
			isa = XCBuildConfiguration;
			buildSettings = {
				ALWAYS_SEARCH_USER_PATHS = NO;
				CLANG_ANALYZER_NONNULL = YES;
				CLANG_ANALYZER_NUMBER_OBJECT_CONVERSION = YES_AGGRESSIVE;
				CLANG_CXX_LANGUAGE_STANDARD = "gnu++14";
				CLANG_CXX_LIBRARY = "libc++";
				CLANG_ENABLE_MODULES = YES;
				CLANG_ENABLE_OBJC_ARC = YES;
				CLANG_WARN_BLOCK_CAPTURE_AUTORELEASING = YES;
				CLANG_WARN_BOOL_CONVERSION = YES;
				CLANG_WARN_COMMA = YES;
				CLANG_WARN_CONSTANT_CONVERSION = YES;
				CLANG_WARN_DIRECT_OBJC_ISA_USAGE = YES_ERROR;
				CLANG_WARN_DOCUMENTATION_COMMENTS = YES;
				CLANG_WARN_EMPTY_BODY = YES;
				CLANG_WARN_ENUM_CONVERSION = YES;
				CLANG_WARN_INFINITE_RECURSION = YES;
				CLANG_WARN_INT_CONVERSION = YES;
				CLANG_WARN_NON_LITERAL_NULL_CONVERSION = YES;
				CLANG_WARN_OBJC_LITERAL_CONVERSION = YES;
				CLANG_WARN_OBJC_ROOT_CLASS = YES_ERROR;
				CLANG_WARN_RANGE_LOOP_ANALYSIS = YES;
				CLANG_WARN_STRICT_PROTOTYPES = YES;
				CLANG_WARN_SUSPICIOUS_MOVE = YES;
				CLANG_WARN_UNGUARDED_AVAILABILITY = YES_AGGRESSIVE;
				CLANG_WARN_UNREACHABLE_CODE = YES;
				CLANG_WARN__DUPLICATE_METHOD_MATCH = YES;
				CODE_SIGN_IDENTITY = "iPhone Developer";
				COPY_PHASE_STRIP = NO;
				DEBUG_INFORMATION_FORMAT = "dwarf-with-dsym";
				ENABLE_NS_ASSERTIONS = NO;
				ENABLE_STRICT_OBJC_MSGSEND = YES;
				GCC_C_LANGUAGE_STANDARD = gnu11;
				GCC_NO_COMMON_BLOCKS = YES;
				GCC_WARN_64_TO_32_BIT_CONVERSION = YES;
				GCC_WARN_ABOUT_RETURN_TYPE = YES_ERROR;
				GCC_WARN_UNDECLARED_SELECTOR = YES;
				GCC_WARN_UNINITIALIZED_AUTOS = YES_AGGRESSIVE;
				GCC_WARN_UNUSED_FUNCTION = YES;
				GCC_WARN_UNUSED_VARIABLE = YES;
				IPHONEOS_DEPLOYMENT_TARGET = 11.0;
				MTL_ENABLE_DEBUG_INFO = NO;
				SDKROOT = iphoneos;
				SWIFT_OPTIMIZATION_LEVEL = "-Owholemodule";
				VALIDATE_PRODUCT = YES;
			};
			name = Release;
		};
		83C2B7161F3BCC8B0008756E /* Debug */ = {
			isa = XCBuildConfiguration;
			buildSettings = {
				ASSETCATALOG_COMPILER_APPICON_NAME = AppIcon;
				DEVELOPMENT_TEAM = 34X38528D2;
				INFOPLIST_FILE = "scenekit-arkit-campfire/Info.plist";
				LD_RUNPATH_SEARCH_PATHS = "$(inherited) @executable_path/Frameworks";
				PRODUCT_BUNDLE_IDENTIFIER = "udacity.scenekit-arkit-campfire";
				PRODUCT_NAME = "$(TARGET_NAME)";
				SWIFT_VERSION = 4.0;
				TARGETED_DEVICE_FAMILY = "1,2";
			};
			name = Debug;
		};
		83C2B7171F3BCC8B0008756E /* Release */ = {
			isa = XCBuildConfiguration;
			buildSettings = {
				ASSETCATALOG_COMPILER_APPICON_NAME = AppIcon;
				DEVELOPMENT_TEAM = 34X38528D2;
				INFOPLIST_FILE = "scenekit-arkit-campfire/Info.plist";
				LD_RUNPATH_SEARCH_PATHS = "$(inherited) @executable_path/Frameworks";
				PRODUCT_BUNDLE_IDENTIFIER = "udacity.scenekit-arkit-campfire";
				PRODUCT_NAME = "$(TARGET_NAME)";
				SWIFT_VERSION = 4.0;
				TARGETED_DEVICE_FAMILY = "1,2";
			};
			name = Release;
		};
/* End XCBuildConfiguration section */

/* Begin XCConfigurationList section */
		83C2B6FC1F3BCC8B0008756E /* Build configuration list for PBXProject "scenekit-arkit-campfire" */ = {
			isa = XCConfigurationList;
			buildConfigurations = (
				83C2B7131F3BCC8B0008756E /* Debug */,
				83C2B7141F3BCC8B0008756E /* Release */,
			);
			defaultConfigurationIsVisible = 0;
			defaultConfigurationName = Release;
		};
		83C2B7151F3BCC8B0008756E /* Build configuration list for PBXNativeTarget "scenekit-arkit-campfire" */ = {
			isa = XCConfigurationList;
			buildConfigurations = (
				83C2B7161F3BCC8B0008756E /* Debug */,
				83C2B7171F3BCC8B0008756E /* Release */,
			);
			defaultConfigurationIsVisible = 0;
			defaultConfigurationName = Release;
		};
/* End XCConfigurationList section */
	};
	rootObject = 83C2B6F91F3BCC8B0008756E /* Project object */;
}
