// !$*UTF8*$!
{
	archiveVersion = 1;
	classes = {
	};
	objectVersion = 48;
	objects = {

/* Begin PBXBuildFile section */
		83D765381F3E6EFB00351E31 /* AppDelegate.swift in Sources */ = {isa = PBXBuildFile; fileRef = 83D765371F3E6EFB00351E31 /* AppDelegate.swift */; };
		83D7653A1F3E6EFB00351E31 /* art.scnassets in Resources */ = {isa = PBXBuildFile; fileRef = 83D765391F3E6EFB00351E31 /* art.scnassets */; };
		83D7653C1F3E6EFB00351E31 /* ViewController.swift in Sources */ = {isa = PBXBuildFile; fileRef = 83D7653B1F3E6EFB00351E31 /* ViewController.swift */; };
		83D7653F1F3E6EFB00351E31 /* Main.storyboard in Resources */ = {isa = PBXBuildFile; fileRef = 83D7653D1F3E6EFB00351E31 /* Main.storyboard */; };
		83D765411F3E6EFB00351E31 /* Assets.xcassets in Resources */ = {isa = PBXBuildFile; fileRef = 83D765401F3E6EFB00351E31 /* Assets.xcassets */; };
		83D765441F3E6EFB00351E31 /* LaunchScreen.storyboard in Resources */ = {isa = PBXBuildFile; fileRef = 83D765421F3E6EFB00351E31 /* LaunchScreen.storyboard */; };
/* End PBXBuildFile section */

/* Begin PBXFileReference section */
		83D765341F3E6EFB00351E31 /* Billiards.app */ = {isa = PBXFileReference; explicitFileType = wrapper.application; includeInIndex = 0; path = Billiards.app; sourceTree = BUILT_PRODUCTS_DIR; };
		83D765371F3E6EFB00351E31 /* AppDelegate.swift */ = {isa = PBXFileReference; lastKnownFileType = sourcecode.swift; path = AppDelegate.swift; sourceTree = "<group>"; };
		83D765391F3E6EFB00351E31 /* art.scnassets */ = {isa = PBXFileReference; lastKnownFileType = wrapper.scnassets; path = art.scnassets; sourceTree = "<group>"; };
		83D7653B1F3E6EFB00351E31 /* ViewController.swift */ = {isa = PBXFileReference; lastKnownFileType = sourcecode.swift; path = ViewController.swift; sourceTree = "<group>"; };
		83D7653E1F3E6EFB00351E31 /* Base */ = {isa = PBXFileReference; lastKnownFileType = file.storyboard; name = Base; path = Base.lproj/Main.storyboard; sourceTree = "<group>"; };
		83D765401F3E6EFB00351E31 /* Assets.xcassets */ = {isa = PBXFileReference; lastKnownFileType = folder.assetcatalog; path = Assets.xcassets; sourceTree = "<group>"; };
		83D765431F3E6EFB00351E31 /* Base */ = {isa = PBXFileReference; lastKnownFileType = file.storyboard; name = Base; path = Base.lproj/LaunchScreen.storyboard; sourceTree = "<group>"; };
		83D765451F3E6EFB00351E31 /* Info.plist */ = {isa = PBXFileReference; lastKnownFileType = text.plist.xml; path = Info.plist; sourceTree = "<group>"; };
/* End PBXFileReference section */

/* Begin PBXFrameworksBuildPhase section */
		83D765311F3E6EFB00351E31 /* Frameworks */ = {
			isa = PBXFrameworksBuildPhase;
			buildActionMask = 2147483647;
			files = (
			);
			runOnlyForDeploymentPostprocessing = 0;
		};
/* End PBXFrameworksBuildPhase section */

/* Begin PBXGroup section */
		83D7652B1F3E6EFB00351E31 = {
			isa = PBXGroup;
			children = (
				83D765361F3E6EFB00351E31 /* Billiards */,
				83D765351F3E6EFB00351E31 /* Products */,
			);
			sourceTree = "<group>";
		};
		83D765351F3E6EFB00351E31 /* Products */ = {
			isa = PBXGroup;
			children = (
				83D765341F3E6EFB00351E31 /* Billiards.app */,
			);
			name = Products;
			sourceTree = "<group>";
		};
		83D765361F3E6EFB00351E31 /* Billiards */ = {
			isa = PBXGroup;
			children = (
				83D765371F3E6EFB00351E31 /* AppDelegate.swift */,
				83D765391F3E6EFB00351E31 /* art.scnassets */,
				83D7653B1F3E6EFB00351E31 /* ViewController.swift */,
				83D7653D1F3E6EFB00351E31 /* Main.storyboard */,
				83D765401F3E6EFB00351E31 /* Assets.xcassets */,
				83D765421F3E6EFB00351E31 /* LaunchScreen.storyboard */,
				83D765451F3E6EFB00351E31 /* Info.plist */,
			);
			path = Billiards;
			sourceTree = "<group>";
		};
/* End PBXGroup section */

/* Begin PBXNativeTarget section */
		83D765331F3E6EFB00351E31 /* Billiards */ = {
			isa = PBXNativeTarget;
			buildConfigurationList = 83D765481F3E6EFB00351E31 /* Build configuration list for PBXNativeTarget "Billiards" */;
			buildPhases = (
				83D765301F3E6EFB00351E31 /* Sources */,
				83D765311F3E6EFB00351E31 /* Frameworks */,
				83D765321F3E6EFB00351E31 /* Resources */,
			);
			buildRules = (
			);
			dependencies = (
			);
			name = Billiards;
			productName = Billiards;
			productReference = 83D765341F3E6EFB00351E31 /* Billiards.app */;
			productType = "com.apple.product-type.application";
		};
/* End PBXNativeTarget section */

/* Begin PBXProject section */
		83D7652C1F3E6EFB00351E31 /* Project object */ = {
			isa = PBXProject;
			attributes = {
				LastSwiftUpdateCheck = 0900;
				LastUpgradeCheck = 0900;
				ORGANIZATIONNAME = Udacity;
				TargetAttributes = {
					83D765331F3E6EFB00351E31 = {
						CreatedOnToolsVersion = 9.0;
					};
				};
			};
			buildConfigurationList = 83D7652F1F3E6EFB00351E31 /* Build configuration list for PBXProject "Billiards" */;
			compatibilityVersion = "Xcode 8.0";
			developmentRegion = en;
			hasScannedForEncodings = 0;
			knownRegions = (
				en,
				Base,
			);
			mainGroup = 83D7652B1F3E6EFB00351E31;
			productRefGroup = 83D765351F3E6EFB00351E31 /* Products */;
			projectDirPath = "";
			projectRoot = "";
			targets = (
				83D765331F3E6EFB00351E31 /* Billiards */,
			);
		};
/* End PBXProject section */

/* Begin PBXResourcesBuildPhase section */
		83D765321F3E6EFB00351E31 /* Resources */ = {
			isa = PBXResourcesBuildPhase;
			buildActionMask = 2147483647;
			files = (
				83D7653A1F3E6EFB00351E31 /* art.scnassets in Resources */,
				83D765441F3E6EFB00351E31 /* LaunchScreen.storyboard in Resources */,
				83D765411F3E6EFB00351E31 /* Assets.xcassets in Resources */,
				83D7653F1F3E6EFB00351E31 /* Main.storyboard in Resources */,
			);
			runOnlyForDeploymentPostprocessing = 0;
		};
/* End PBXResourcesBuildPhase section */

/* Begin PBXSourcesBuildPhase section */
		83D765301F3E6EFB00351E31 /* Sources */ = {
			isa = PBXSourcesBuildPhase;
			buildActionMask = 2147483647;
			files = (
				83D7653C1F3E6EFB00351E31 /* ViewController.swift in Sources */,
				83D765381F3E6EFB00351E31 /* AppDelegate.swift in Sources */,
			);
			runOnlyForDeploymentPostprocessing = 0;
		};
/* End PBXSourcesBuildPhase section */

/* Begin PBXVariantGroup section */
		83D7653D1F3E6EFB00351E31 /* Main.storyboard */ = {
			isa = PBXVariantGroup;
			children = (
				83D7653E1F3E6EFB00351E31 /* Base */,
			);
			name = Main.storyboard;
			sourceTree = "<group>";
		};
		83D765421F3E6EFB00351E31 /* LaunchScreen.storyboard */ = {
			isa = PBXVariantGroup;
			children = (
				83D765431F3E6EFB00351E31 /* Base */,
			);
			name = LaunchScreen.storyboard;
			sourceTree = "<group>";
		};
/* End PBXVariantGroup section */

/* Begin XCBuildConfiguration section */
		83D765461F3E6EFB00351E31 /* Debug */ = {
			isa = XCBuildConfiguration;
			buildSettings = {
				ALWAYS_SEARCH_USER_PATHS = NO;
				CLANG_ANALYZER_NONNULL = YES;
				CLANG_ANALYZER_NUMBER_OBJECT_CONVERSION = YES_AGGRESSIVE;
				CLANG_CXX_LANGUAGE_STANDARD = "gnu++14";
				CLANG_CXX_LIBRARY = "libc++";
				CLANG_ENABLE_MODULES = YES;
				CLANG_ENABLE_OBJC_ARC = YES;
				CLANG_WARN_BLOCK_CAPTURE_AUTORELEASING = YES;
				CLANG_WARN_BOOL_CONVERSION = YES;
				CLANG_WARN_COMMA = YES;
				CLANG_WARN_CONSTANT_CONVERSION = YES;
				CLANG_WARN_DIRECT_OBJC_ISA_USAGE = YES_ERROR;
				CLANG_WARN_DOCUMENTATION_COMMENTS = YES;
				CLANG_WARN_EMPTY_BODY = YES;
				CLANG_WARN_ENUM_CONVERSION = YES;
				CLANG_WARN_INFINITE_RECURSION = YES;
				CLANG_WARN_INT_CONVERSION = YES;
				CLANG_WARN_NON_LITERAL_NULL_CONVERSION = YES;
				CLANG_WARN_OBJC_LITERAL_CONVERSION = YES;
				CLANG_WARN_OBJC_ROOT_CLASS = YES_ERROR;
				CLANG_WARN_RANGE_LOOP_ANALYSIS = YES;
				CLANG_WARN_STRICT_PROTOTYPES = YES;
				CLANG_WARN_SUSPICIOUS_MOVE = YES;
				CLANG_WARN_UNGUARDED_AVAILABILITY = YES_AGGRESSIVE;
				CLANG_WARN_UNREACHABLE_CODE = YES;
				CLANG_WARN__DUPLICATE_METHOD_MATCH = YES;
				CODE_SIGN_IDENTITY = "iPhone Developer";
				COPY_PHASE_STRIP = NO;
				DEBUG_INFORMATION_FORMAT = dwarf;
				ENABLE_STRICT_OBJC_MSGSEND = YES;
				ENABLE_TESTABILITY = YES;
				GCC_C_LANGUAGE_STANDARD = gnu11;
				GCC_DYNAMIC_NO_PIC = NO;
				GCC_NO_COMMON_BLOCKS = YES;
				GCC_OPTIMIZATION_LEVEL = 0;
				GCC_PREPROCESSOR_DEFINITIONS = (
					"DEBUG=1",
					"$(inherited)",
				);
				GCC_WARN_64_TO_32_BIT_CONVERSION = YES;
				GCC_WARN_ABOUT_RETURN_TYPE = YES_ERROR;
				GCC_WARN_UNDECLARED_SELECTOR = YES;
				GCC_WARN_UNINITIALIZED_AUTOS = YES_AGGRESSIVE;
				GCC_WARN_UNUSED_FUNCTION = YES;
				GCC_WARN_UNUSED_VARIABLE = YES;
				IPHONEOS_DEPLOYMENT_TARGET = 11.0;
				MTL_ENABLE_DEBUG_INFO = YES;
				ONLY_ACTIVE_ARCH = YES;
				SDKROOT = iphoneos;
				SWIFT_ACTIVE_COMPILATION_CONDITIONS = DEBUG;
				SWIFT_OPTIMIZATION_LEVEL = "-Onone";
			};
			name = Debug;
		};
		83D765471F3E6EFB00351E31 /* Release */ = {
			isa = XCBuildConfiguration;
			buildSettings = {
				ALWAYS_SEARCH_USER_PATHS = NO;
				CLANG_ANALYZER_NONNULL = YES;
				CLANG_ANALYZER_NUMBER_OBJECT_CONVERSION = YES_AGGRESSIVE;
				CLANG_CXX_LANGUAGE_STANDARD = "gnu++14";
				CLANG_CXX_LIBRARY = "libc++";
				CLANG_ENABLE_MODULES = YES;
				CLANG_ENABLE_OBJC_ARC = YES;
				CLANG_WARN_BLOCK_CAPTURE_AUTORELEASING = YES;
				CLANG_WARN_BOOL_CONVERSION = YES;
				CLANG_WARN_COMMA = YES;
				CLANG_WARN_CONSTANT_CONVERSION = YES;
				CLANG_WARN_DIRECT_OBJC_ISA_USAGE = YES_ERROR;
				CLANG_WARN_DOCUMENTATION_COMMENTS = YES;
				CLANG_WARN_EMPTY_BODY = YES;
				CLANG_WARN_ENUM_CONVERSION = YES;
				CLANG_WARN_INFINITE_RECURSION = YES;
				CLANG_WARN_INT_CONVERSION = YES;
				CLANG_WARN_NON_LITERAL_NULL_CONVERSION = YES;
				CLANG_WARN_OBJC_LITERAL_CONVERSION = YES;
				CLANG_WARN_OBJC_ROOT_CLASS = YES_ERROR;
				CLANG_WARN_RANGE_LOOP_ANALYSIS = YES;
				CLANG_WARN_STRICT_PROTOTYPES = YES;
				CLANG_WARN_SUSPICIOUS_MOVE = YES;
				CLANG_WARN_UNGUARDED_AVAILABILITY = YES_AGGRESSIVE;
				CLANG_WARN_UNREACHABLE_CODE = YES;
				CLANG_WARN__DUPLICATE_METHOD_MATCH = YES;
				CODE_SIGN_IDENTITY = "iPhone Developer";
				COPY_PHASE_STRIP = NO;
				DEBUG_INFORMATION_FORMAT = "dwarf-with-dsym";
				ENABLE_NS_ASSERTIONS = NO;
				ENABLE_STRICT_OBJC_MSGSEND = YES;
				GCC_C_LANGUAGE_STANDARD = gnu11;
				GCC_NO_COMMON_BLOCKS = YES;
				GCC_WARN_64_TO_32_BIT_CONVERSION = YES;
				GCC_WARN_ABOUT_RETURN_TYPE = YES_ERROR;
				GCC_WARN_UNDECLARED_SELECTOR = YES;
				GCC_WARN_UNINITIALIZED_AUTOS = YES_AGGRESSIVE;
				GCC_WARN_UNUSED_FUNCTION = YES;
				GCC_WARN_UNUSED_VARIABLE = YES;
				IPHONEOS_DEPLOYMENT_TARGET = 11.0;
				MTL_ENABLE_DEBUG_INFO = NO;
				SDKROOT = iphoneos;
				SWIFT_OPTIMIZATION_LEVEL = "-Owholemodule";
				VALIDATE_PRODUCT = YES;
			};
			name = Release;
		};
		83D765491F3E6EFB00351E31 /* Debug */ = {
			isa = XCBuildConfiguration;
			buildSettings = {
				ASSETCATALOG_COMPILER_APPICON_NAME = AppIcon;
				DEVELOPMENT_TEAM = 34X38528D2;
				INFOPLIST_FILE = Billiards/Info.plist;
				LD_RUNPATH_SEARCH_PATHS = "$(inherited) @executable_path/Frameworks";
				PRODUCT_BUNDLE_IDENTIFIER = udacity.Billiards;
				PRODUCT_NAME = "$(TARGET_NAME)";
				SWIFT_VERSION = 4.0;
				TARGETED_DEVICE_FAMILY = "1,2";
			};
			name = Debug;
		};
		83D7654A1F3E6EFB00351E31 /* Release */ = {
			isa = XCBuildConfiguration;
			buildSettings = {
				ASSETCATALOG_COMPILER_APPICON_NAME = AppIcon;
				DEVELOPMENT_TEAM = 34X38528D2;
				INFOPLIST_FILE = Billiards/Info.plist;
				LD_RUNPATH_SEARCH_PATHS = "$(inherited) @executable_path/Frameworks";
				PRODUCT_BUNDLE_IDENTIFIER = udacity.Billiards;
				PRODUCT_NAME = "$(TARGET_NAME)";
				SWIFT_VERSION = 4.0;
				TARGETED_DEVICE_FAMILY = "1,2";
			};
			name = Release;
		};
/* End XCBuildConfiguration section */

/* Begin XCConfigurationList section */
		83D7652F1F3E6EFB00351E31 /* Build configuration list for PBXProject "Billiards" */ = {
			isa = XCConfigurationList;
			buildConfigurations = (
				83D765461F3E6EFB00351E31 /* Debug */,
				83D765471F3E6EFB00351E31 /* Release */,
			);
			defaultConfigurationIsVisible = 0;
			defaultConfigurationName = Release;
		};
		83D765481F3E6EFB00351E31 /* Build configuration list for PBXNativeTarget "Billiards" */ = {
			isa = XCConfigurationList;
			buildConfigurations = (
				83D765491F3E6EFB00351E31 /* Debug */,
				83D7654A1F3E6EFB00351E31 /* Release */,
			);
			defaultConfigurationIsVisible = 0;
			defaultConfigurationName = Release;
		};
/* End XCConfigurationList section */
	};
	rootObject = 83D7652C1F3E6EFB00351E31 /* Project object */;
}
