// !$*UTF8*$!
{
	archiveVersion = 1;
	classes = {
	};
	objectVersion = 48;
	objects = {

/* Begin PBXBuildFile section */
		831D09981F4B69B2002FAC85 /* AppDelegate.swift in Sources */ = {isa = PBXBuildFile; fileRef = 831D09971F4B69B2002FAC85 /* AppDelegate.swift */; };
		831D099A1F4B69B2002FAC85 /* art.scnassets in Resources */ = {isa = PBXBuildFile; fileRef = 831D09991F4B69B2002FAC85 /* art.scnassets */; };
		831D099C1F4B69B2002FAC85 /* ViewController.swift in Sources */ = {isa = PBXBuildFile; fileRef = 831D099B1F4B69B2002FAC85 /* ViewController.swift */; };
		831D099F1F4B69B2002FAC85 /* Main.storyboard in Resources */ = {isa = PBXBuildFile; fileRef = 831D099D1F4B69B2002FAC85 /* Main.storyboard */; };
		831D09A11F4B69B2002FAC85 /* Assets.xcassets in Resources */ = {isa = PBXBuildFile; fileRef = 831D09A01F4B69B2002FAC85 /* Assets.xcassets */; };
		831D09A41F4B69B2002FAC85 /* LaunchScreen.storyboard in Resources */ = {isa = PBXBuildFile; fileRef = 831D09A21F4B69B2002FAC85 /* LaunchScreen.storyboard */; };
/* End PBXBuildFile section */

/* Begin PBXFileReference section */
		831D09941F4B69B2002FAC85 /* HitTesting.app */ = {isa = PBXFileReference; explicitFileType = wrapper.application; includeInIndex = 0; path = HitTesting.app; sourceTree = BUILT_PRODUCTS_DIR; };
		831D09971F4B69B2002FAC85 /* AppDelegate.swift */ = {isa = PBXFileReference; lastKnownFileType = sourcecode.swift; path = AppDelegate.swift; sourceTree = "<group>"; };
		831D09991F4B69B2002FAC85 /* art.scnassets */ = {isa = PBXFileReference; lastKnownFileType = wrapper.scnassets; path = art.scnassets; sourceTree = "<group>"; };
		831D099B1F4B69B2002FAC85 /* ViewController.swift */ = {isa = PBXFileReference; lastKnownFileType = sourcecode.swift; path = ViewController.swift; sourceTree = "<group>"; };
		831D099E1F4B69B2002FAC85 /* Base */ = {isa = PBXFileReference; lastKnownFileType = file.storyboard; name = Base; path = Base.lproj/Main.storyboard; sourceTree = "<group>"; };
		831D09A01F4B69B2002FAC85 /* Assets.xcassets */ = {isa = PBXFileReference; lastKnownFileType = folder.assetcatalog; path = Assets.xcassets; sourceTree = "<group>"; };
		831D09A31F4B69B2002FAC85 /* Base */ = {isa = PBXFileReference; lastKnownFileType = file.storyboard; name = Base; path = Base.lproj/LaunchScreen.storyboard; sourceTree = "<group>"; };
		831D09A51F4B69B2002FAC85 /* Info.plist */ = {isa = PBXFileReference; lastKnownFileType = text.plist.xml; path = Info.plist; sourceTree = "<group>"; };
/* End PBXFileReference section */

/* Begin PBXFrameworksBuildPhase section */
		831D09911F4B69B2002FAC85 /* Frameworks */ = {
			isa = PBXFrameworksBuildPhase;
			buildActionMask = 2147483647;
			files = (
			);
			runOnlyForDeploymentPostprocessing = 0;
		};
/* End PBXFrameworksBuildPhase section */

/* Begin PBXGroup section */
		831D098B1F4B69B2002FAC85 = {
			isa = PBXGroup;
			children = (
				831D09961F4B69B2002FAC85 /* HitTesting */,
				831D09951F4B69B2002FAC85 /* Products */,
			);
			sourceTree = "<group>";
		};
		831D09951F4B69B2002FAC85 /* Products */ = {
			isa = PBXGroup;
			children = (
				831D09941F4B69B2002FAC85 /* HitTesting.app */,
			);
			name = Products;
			sourceTree = "<group>";
		};
		831D09961F4B69B2002FAC85 /* HitTesting */ = {
			isa = PBXGroup;
			children = (
				831D09971F4B69B2002FAC85 /* AppDelegate.swift */,
				831D09991F4B69B2002FAC85 /* art.scnassets */,
				831D099B1F4B69B2002FAC85 /* ViewController.swift */,
				831D099D1F4B69B2002FAC85 /* Main.storyboard */,
				831D09A01F4B69B2002FAC85 /* Assets.xcassets */,
				831D09A21F4B69B2002FAC85 /* LaunchScreen.storyboard */,
				831D09A51F4B69B2002FAC85 /* Info.plist */,
			);
			path = HitTesting;
			sourceTree = "<group>";
		};
/* End PBXGroup section */

/* Begin PBXNativeTarget section */
		831D09931F4B69B2002FAC85 /* HitTesting */ = {
			isa = PBXNativeTarget;
			buildConfigurationList = 831D09A81F4B69B2002FAC85 /* Build configuration list for PBXNativeTarget "HitTesting" */;
			buildPhases = (
				831D09901F4B69B2002FAC85 /* Sources */,
				831D09911F4B69B2002FAC85 /* Frameworks */,
				831D09921F4B69B2002FAC85 /* Resources */,
			);
			buildRules = (
			);
			dependencies = (
			);
			name = HitTesting;
			productName = HitTesting;
			productReference = 831D09941F4B69B2002FAC85 /* HitTesting.app */;
			productType = "com.apple.product-type.application";
		};
/* End PBXNativeTarget section */

/* Begin PBXProject section */
		831D098C1F4B69B2002FAC85 /* Project object */ = {
			isa = PBXProject;
			attributes = {
				LastSwiftUpdateCheck = 0900;
				LastUpgradeCheck = 0900;
				ORGANIZATIONNAME = Udacity;
				TargetAttributes = {
					831D09931F4B69B2002FAC85 = {
						CreatedOnToolsVersion = 9.0;
					};
				};
			};
			buildConfigurationList = 831D098F1F4B69B2002FAC85 /* Build configuration list for PBXProject "HitTesting" */;
			compatibilityVersion = "Xcode 8.0";
			developmentRegion = en;
			hasScannedForEncodings = 0;
			knownRegions = (
				en,
				Base,
			);
			mainGroup = 831D098B1F4B69B2002FAC85;
			productRefGroup = 831D09951F4B69B2002FAC85 /* Products */;
			projectDirPath = "";
			projectRoot = "";
			targets = (
				831D09931F4B69B2002FAC85 /* HitTesting */,
			);
		};
/* End PBXProject section */

/* Begin PBXResourcesBuildPhase section */
		831D09921F4B69B2002FAC85 /* Resources */ = {
			isa = PBXResourcesBuildPhase;
			buildActionMask = 2147483647;
			files = (
				831D099A1F4B69B2002FAC85 /* art.scnassets in Resources */,
				831D09A41F4B69B2002FAC85 /* LaunchScreen.storyboard in Resources */,
				831D09A11F4B69B2002FAC85 /* Assets.xcassets in Resources */,
				831D099F1F4B69B2002FAC85 /* Main.storyboard in Resources */,
			);
			runOnlyForDeploymentPostprocessing = 0;
		};
/* End PBXResourcesBuildPhase section */

/* Begin PBXSourcesBuildPhase section */
		831D09901F4B69B2002FAC85 /* Sources */ = {
			isa = PBXSourcesBuildPhase;
			buildActionMask = 2147483647;
			files = (
				831D099C1F4B69B2002FAC85 /* ViewController.swift in Sources */,
				831D09981F4B69B2002FAC85 /* AppDelegate.swift in Sources */,
			);
			runOnlyForDeploymentPostprocessing = 0;
		};
/* End PBXSourcesBuildPhase section */

/* Begin PBXVariantGroup section */
		831D099D1F4B69B2002FAC85 /* Main.storyboard */ = {
			isa = PBXVariantGroup;
			children = (
				831D099E1F4B69B2002FAC85 /* Base */,
			);
			name = Main.storyboard;
			sourceTree = "<group>";
		};
		831D09A21F4B69B2002FAC85 /* LaunchScreen.storyboard */ = {
			isa = PBXVariantGroup;
			children = (
				831D09A31F4B69B2002FAC85 /* Base */,
			);
			name = LaunchScreen.storyboard;
			sourceTree = "<group>";
		};
/* End PBXVariantGroup section */

/* Begin XCBuildConfiguration section */
		831D09A61F4B69B2002FAC85 /* Debug */ = {
			isa = XCBuildConfiguration;
			buildSettings = {
				ALWAYS_SEARCH_USER_PATHS = NO;
				CLANG_ANALYZER_NONNULL = YES;
				CLANG_ANALYZER_NUMBER_OBJECT_CONVERSION = YES_AGGRESSIVE;
				CLANG_CXX_LANGUAGE_STANDARD = "gnu++14";
				CLANG_CXX_LIBRARY = "libc++";
				CLANG_ENABLE_MODULES = YES;
				CLANG_ENABLE_OBJC_ARC = YES;
				CLANG_WARN_BLOCK_CAPTURE_AUTORELEASING = YES;
				CLANG_WARN_BOOL_CONVERSION = YES;
				CLANG_WARN_COMMA = YES;
				CLANG_WARN_CONSTANT_CONVERSION = YES;
				CLANG_WARN_DIRECT_OBJC_ISA_USAGE = YES_ERROR;
				CLANG_WARN_DOCUMENTATION_COMMENTS = YES;
				CLANG_WARN_EMPTY_BODY = YES;
				CLANG_WARN_ENUM_CONVERSION = YES;
				CLANG_WARN_INFINITE_RECURSION = YES;
				CLANG_WARN_INT_CONVERSION = YES;
				CLANG_WARN_NON_LITERAL_NULL_CONVERSION = YES;
				CLANG_WARN_OBJC_LITERAL_CONVERSION = YES;
				CLANG_WARN_OBJC_ROOT_CLASS = YES_ERROR;
				CLANG_WARN_RANGE_LOOP_ANALYSIS = YES;
				CLANG_WARN_STRICT_PROTOTYPES = YES;
				CLANG_WARN_SUSPICIOUS_MOVE = YES;
				CLANG_WARN_UNGUARDED_AVAILABILITY = YES_AGGRESSIVE;
				CLANG_WARN_UNREACHABLE_CODE = YES;
				CLANG_WARN__DUPLICATE_METHOD_MATCH = YES;
				CODE_SIGN_IDENTITY = "iPhone Developer";
				COPY_PHASE_STRIP = NO;
				DEBUG_INFORMATION_FORMAT = dwarf;
				ENABLE_STRICT_OBJC_MSGSEND = YES;
				ENABLE_TESTABILITY = YES;
				GCC_C_LANGUAGE_STANDARD = gnu11;
				GCC_DYNAMIC_NO_PIC = NO;
				GCC_NO_COMMON_BLOCKS = YES;
				GCC_OPTIMIZATION_LEVEL = 0;
				GCC_PREPROCESSOR_DEFINITIONS = (
					"DEBUG=1",
					"$(inherited)",
				);
				GCC_WARN_64_TO_32_BIT_CONVERSION = YES;
				GCC_WARN_ABOUT_RETURN_TYPE = YES_ERROR;
				GCC_WARN_UNDECLARED_SELECTOR = YES;
				GCC_WARN_UNINITIALIZED_AUTOS = YES_AGGRESSIVE;
				GCC_WARN_UNUSED_FUNCTION = YES;
				GCC_WARN_UNUSED_VARIABLE = YES;
				IPHONEOS_DEPLOYMENT_TARGET = 11.0;
				MTL_ENABLE_DEBUG_INFO = YES;
				ONLY_ACTIVE_ARCH = YES;
				SDKROOT = iphoneos;
				SWIFT_ACTIVE_COMPILATION_CONDITIONS = DEBUG;
				SWIFT_OPTIMIZATION_LEVEL = "-Onone";
			};
			name = Debug;
		};
		831D09A71F4B69B2002FAC85 /* Release */ = {
			isa = XCBuildConfiguration;
			buildSettings = {
				ALWAYS_SEARCH_USER_PATHS = NO;
				CLANG_ANALYZER_NONNULL = YES;
				CLANG_ANALYZER_NUMBER_OBJECT_CONVERSION = YES_AGGRESSIVE;
				CLANG_CXX_LANGUAGE_STANDARD = "gnu++14";
				CLANG_CXX_LIBRARY = "libc++";
				CLANG_ENABLE_MODULES = YES;
				CLANG_ENABLE_OBJC_ARC = YES;
				CLANG_WARN_BLOCK_CAPTURE_AUTORELEASING = YES;
				CLANG_WARN_BOOL_CONVERSION = YES;
				CLANG_WARN_COMMA = YES;
				CLANG_WARN_CONSTANT_CONVERSION = YES;
				CLANG_WARN_DIRECT_OBJC_ISA_USAGE = YES_ERROR;
				CLANG_WARN_DOCUMENTATION_COMMENTS = YES;
				CLANG_WARN_EMPTY_BODY = YES;
				CLANG_WARN_ENUM_CONVERSION = YES;
				CLANG_WARN_INFINITE_RECURSION = YES;
				CLANG_WARN_INT_CONVERSION = YES;
				CLANG_WARN_NON_LITERAL_NULL_CONVERSION = YES;
				CLANG_WARN_OBJC_LITERAL_CONVERSION = YES;
				CLANG_WARN_OBJC_ROOT_CLASS = YES_ERROR;
				CLANG_WARN_RANGE_LOOP_ANALYSIS = YES;
				CLANG_WARN_STRICT_PROTOTYPES = YES;
				CLANG_WARN_SUSPICIOUS_MOVE = YES;
				CLANG_WARN_UNGUARDED_AVAILABILITY = YES_AGGRESSIVE;
				CLANG_WARN_UNREACHABLE_CODE = YES;
				CLANG_WARN__DUPLICATE_METHOD_MATCH = YES;
				CODE_SIGN_IDENTITY = "iPhone Developer";
				COPY_PHASE_STRIP = NO;
				DEBUG_INFORMATION_FORMAT = "dwarf-with-dsym";
				ENABLE_NS_ASSERTIONS = NO;
				ENABLE_STRICT_OBJC_MSGSEND = YES;
				GCC_C_LANGUAGE_STANDARD = gnu11;
				GCC_NO_COMMON_BLOCKS = YES;
				GCC_WARN_64_TO_32_BIT_CONVERSION = YES;
				GCC_WARN_ABOUT_RETURN_TYPE = YES_ERROR;
				GCC_WARN_UNDECLARED_SELECTOR = YES;
				GCC_WARN_UNINITIALIZED_AUTOS = YES_AGGRESSIVE;
				GCC_WARN_UNUSED_FUNCTION = YES;
				GCC_WARN_UNUSED_VARIABLE = YES;
				IPHONEOS_DEPLOYMENT_TARGET = 11.0;
				MTL_ENABLE_DEBUG_INFO = NO;
				SDKROOT = iphoneos;
				SWIFT_OPTIMIZATION_LEVEL = "-Owholemodule";
				VALIDATE_PRODUCT = YES;
			};
			name = Release;
		};
		831D09A91F4B69B2002FAC85 /* Debug */ = {
			isa = XCBuildConfiguration;
			buildSettings = {
				ASSETCATALOG_COMPILER_APPICON_NAME = AppIcon;
				DEVELOPMENT_TEAM = 34X38528D2;
				INFOPLIST_FILE = HitTesting/Info.plist;
				LD_RUNPATH_SEARCH_PATHS = "$(inherited) @executable_path/Frameworks";
				PRODUCT_BUNDLE_IDENTIFIER = udacity.HitTesting;
				PRODUCT_NAME = "$(TARGET_NAME)";
				SWIFT_VERSION = 4.0;
				TARGETED_DEVICE_FAMILY = "1,2";
			};
			name = Debug;
		};
		831D09AA1F4B69B2002FAC85 /* Release */ = {
			isa = XCBuildConfiguration;
			buildSettings = {
				ASSETCATALOG_COMPILER_APPICON_NAME = AppIcon;
				DEVELOPMENT_TEAM = 34X38528D2;
				INFOPLIST_FILE = HitTesting/Info.plist;
				LD_RUNPATH_SEARCH_PATHS = "$(inherited) @executable_path/Frameworks";
				PRODUCT_BUNDLE_IDENTIFIER = udacity.HitTesting;
				PRODUCT_NAME = "$(TARGET_NAME)";
				SWIFT_VERSION = 4.0;
				TARGETED_DEVICE_FAMILY = "1,2";
			};
			name = Release;
		};
/* End XCBuildConfiguration section */

/* Begin XCConfigurationList section */
		831D098F1F4B69B2002FAC85 /* Build configuration list for PBXProject "HitTesting" */ = {
			isa = XCConfigurationList;
			buildConfigurations = (
				831D09A61F4B69B2002FAC85 /* Debug */,
				831D09A71F4B69B2002FAC85 /* Release */,
			);
			defaultConfigurationIsVisible = 0;
			defaultConfigurationName = Release;
		};
		831D09A81F4B69B2002FAC85 /* Build configuration list for PBXNativeTarget "HitTesting" */ = {
			isa = XCConfigurationList;
			buildConfigurations = (
				831D09A91F4B69B2002FAC85 /* Debug */,
				831D09AA1F4B69B2002FAC85 /* Release */,
			);
			defaultConfigurationIsVisible = 0;
			defaultConfigurationName = Release;
		};
/* End XCConfigurationList section */
	};
	rootObject = 831D098C1F4B69B2002FAC85 /* Project object */;
}
