// !$*UTF8*$!
{
	archiveVersion = 1;
	classes = {
	};
	objectVersion = 48;
	objects = {

/* Begin PBXBuildFile section */
		83CD77571F35394B00A72DD1 /* AppDelegate.swift in Sources */ = {isa = PBXBuildFile; fileRef = 83CD77561F35394B00A72DD1 /* AppDelegate.swift */; };
		83CD77591F35394B00A72DD1 /* art.scnassets in Resources */ = {isa = PBXBuildFile; fileRef = 83CD77581F35394B00A72DD1 /* art.scnassets */; };
		83CD775B1F35394B00A72DD1 /* ViewController.swift in Sources */ = {isa = PBXBuildFile; fileRef = 83CD775A1F35394B00A72DD1 /* ViewController.swift */; };
		83CD775E1F35394B00A72DD1 /* Main.storyboard in Resources */ = {isa = PBXBuildFile; fileRef = 83CD775C1F35394B00A72DD1 /* Main.storyboard */; };
		83CD77601F35394B00A72DD1 /* Assets.xcassets in Resources */ = {isa = PBXBuildFile; fileRef = 83CD775F1F35394B00A72DD1 /* Assets.xcassets */; };
		83CD77631F35394B00A72DD1 /* LaunchScreen.storyboard in Resources */ = {isa = PBXBuildFile; fileRef = 83CD77611F35394B00A72DD1 /* LaunchScreen.storyboard */; };
/* End PBXBuildFile section */

/* Begin PBXFileReference section */
		83CD77531F35394B00A72DD1 /* BouncingBalls.app */ = {isa = PBXFileReference; explicitFileType = wrapper.application; includeInIndex = 0; path = BouncingBalls.app; sourceTree = BUILT_PRODUCTS_DIR; };
		83CD77561F35394B00A72DD1 /* AppDelegate.swift */ = {isa = PBXFileReference; lastKnownFileType = sourcecode.swift; path = AppDelegate.swift; sourceTree = "<group>"; };
		83CD77581F35394B00A72DD1 /* art.scnassets */ = {isa = PBXFileReference; lastKnownFileType = wrapper.scnassets; path = art.scnassets; sourceTree = "<group>"; };
		83CD775A1F35394B00A72DD1 /* ViewController.swift */ = {isa = PBXFileReference; lastKnownFileType = sourcecode.swift; path = ViewController.swift; sourceTree = "<group>"; };
		83CD775D1F35394B00A72DD1 /* Base */ = {isa = PBXFileReference; lastKnownFileType = file.storyboard; name = Base; path = Base.lproj/Main.storyboard; sourceTree = "<group>"; };
		83CD775F1F35394B00A72DD1 /* Assets.xcassets */ = {isa = PBXFileReference; lastKnownFileType = folder.assetcatalog; path = Assets.xcassets; sourceTree = "<group>"; };
		83CD77621F35394B00A72DD1 /* Base */ = {isa = PBXFileReference; lastKnownFileType = file.storyboard; name = Base; path = Base.lproj/LaunchScreen.storyboard; sourceTree = "<group>"; };
		83CD77641F35394B00A72DD1 /* Info.plist */ = {isa = PBXFileReference; lastKnownFileType = text.plist.xml; path = Info.plist; sourceTree = "<group>"; };
/* End PBXFileReference section */

/* Begin PBXFrameworksBuildPhase section */
		83CD77501F35394B00A72DD1 /* Frameworks */ = {
			isa = PBXFrameworksBuildPhase;
			buildActionMask = 2147483647;
			files = (
			);
			runOnlyForDeploymentPostprocessing = 0;
		};
/* End PBXFrameworksBuildPhase section */

/* Begin PBXGroup section */
		83CD774A1F35394B00A72DD1 = {
			isa = PBXGroup;
			children = (
				83CD77551F35394B00A72DD1 /* BouncingBalls */,
				83CD77541F35394B00A72DD1 /* Products */,
			);
			sourceTree = "<group>";
		};
		83CD77541F35394B00A72DD1 /* Products */ = {
			isa = PBXGroup;
			children = (
				83CD77531F35394B00A72DD1 /* BouncingBalls.app */,
			);
			name = Products;
			sourceTree = "<group>";
		};
		83CD77551F35394B00A72DD1 /* BouncingBalls */ = {
			isa = PBXGroup;
			children = (
				83CD77561F35394B00A72DD1 /* AppDelegate.swift */,
				83CD77581F35394B00A72DD1 /* art.scnassets */,
				83CD775A1F35394B00A72DD1 /* ViewController.swift */,
				83CD775C1F35394B00A72DD1 /* Main.storyboard */,
				83CD775F1F35394B00A72DD1 /* Assets.xcassets */,
				83CD77611F35394B00A72DD1 /* LaunchScreen.storyboard */,
				83CD77641F35394B00A72DD1 /* Info.plist */,
			);
			path = BouncingBalls;
			sourceTree = "<group>";
		};
/* End PBXGroup section */

/* Begin PBXNativeTarget section */
		83CD77521F35394B00A72DD1 /* BouncingBalls */ = {
			isa = PBXNativeTarget;
			buildConfigurationList = 83CD77671F35394B00A72DD1 /* Build configuration list for PBXNativeTarget "BouncingBalls" */;
			buildPhases = (
				83CD774F1F35394B00A72DD1 /* Sources */,
				83CD77501F35394B00A72DD1 /* Frameworks */,
				83CD77511F35394B00A72DD1 /* Resources */,
			);
			buildRules = (
			);
			dependencies = (
			);
			name = BouncingBalls;
			productName = BouncingBalls;
			productReference = 83CD77531F35394B00A72DD1 /* BouncingBalls.app */;
			productType = "com.apple.product-type.application";
		};
/* End PBXNativeTarget section */

/* Begin PBXProject section */
		83CD774B1F35394B00A72DD1 /* Project object */ = {
			isa = PBXProject;
			attributes = {
				LastSwiftUpdateCheck = 0900;
				LastUpgradeCheck = 0900;
				ORGANIZATIONNAME = Udacity;
				TargetAttributes = {
					83CD77521F35394B00A72DD1 = {
						CreatedOnToolsVersion = 9.0;
					};
				};
			};
			buildConfigurationList = 83CD774E1F35394B00A72DD1 /* Build configuration list for PBXProject "BouncingBalls" */;
			compatibilityVersion = "Xcode 8.0";
			developmentRegion = en;
			hasScannedForEncodings = 0;
			knownRegions = (
				en,
				Base,
			);
			mainGroup = 83CD774A1F35394B00A72DD1;
			productRefGroup = 83CD77541F35394B00A72DD1 /* Products */;
			projectDirPath = "";
			projectRoot = "";
			targets = (
				83CD77521F35394B00A72DD1 /* BouncingBalls */,
			);
		};
/* End PBXProject section */

/* Begin PBXResourcesBuildPhase section */
		83CD77511F35394B00A72DD1 /* Resources */ = {
			isa = PBXResourcesBuildPhase;
			buildActionMask = 2147483647;
			files = (
				83CD77591F35394B00A72DD1 /* art.scnassets in Resources */,
				83CD77631F35394B00A72DD1 /* LaunchScreen.storyboard in Resources */,
				83CD77601F35394B00A72DD1 /* Assets.xcassets in Resources */,
				83CD775E1F35394B00A72DD1 /* Main.storyboard in Resources */,
			);
			runOnlyForDeploymentPostprocessing = 0;
		};
/* End PBXResourcesBuildPhase section */

/* Begin PBXSourcesBuildPhase section */
		83CD774F1F35394B00A72DD1 /* Sources */ = {
			isa = PBXSourcesBuildPhase;
			buildActionMask = 2147483647;
			files = (
				83CD775B1F35394B00A72DD1 /* ViewController.swift in Sources */,
				83CD77571F35394B00A72DD1 /* AppDelegate.swift in Sources */,
			);
			runOnlyForDeploymentPostprocessing = 0;
		};
/* End PBXSourcesBuildPhase section */

/* Begin PBXVariantGroup section */
		83CD775C1F35394B00A72DD1 /* Main.storyboard */ = {
			isa = PBXVariantGroup;
			children = (
				83CD775D1F35394B00A72DD1 /* Base */,
			);
			name = Main.storyboard;
			sourceTree = "<group>";
		};
		83CD77611F35394B00A72DD1 /* LaunchScreen.storyboard */ = {
			isa = PBXVariantGroup;
			children = (
				83CD77621F35394B00A72DD1 /* Base */,
			);
			name = LaunchScreen.storyboard;
			sourceTree = "<group>";
		};
/* End PBXVariantGroup section */

/* Begin XCBuildConfiguration section */
		83CD77651F35394B00A72DD1 /* Debug */ = {
			isa = XCBuildConfiguration;
			buildSettings = {
				ALWAYS_SEARCH_USER_PATHS = NO;
				CLANG_ANALYZER_NONNULL = YES;
				CLANG_ANALYZER_NUMBER_OBJECT_CONVERSION = YES_AGGRESSIVE;
				CLANG_CXX_LANGUAGE_STANDARD = "gnu++14";
				CLANG_CXX_LIBRARY = "libc++";
				CLANG_ENABLE_MODULES = YES;
				CLANG_ENABLE_OBJC_ARC = YES;
				CLANG_WARN_BLOCK_CAPTURE_AUTORELEASING = YES;
				CLANG_WARN_BOOL_CONVERSION = YES;
				CLANG_WARN_COMMA = YES;
				CLANG_WARN_CONSTANT_CONVERSION = YES;
				CLANG_WARN_DIRECT_OBJC_ISA_USAGE = YES_ERROR;
				CLANG_WARN_DOCUMENTATION_COMMENTS = YES;
				CLANG_WARN_EMPTY_BODY = YES;
				CLANG_WARN_ENUM_CONVERSION = YES;
				CLANG_WARN_INFINITE_RECURSION = YES;
				CLANG_WARN_INT_CONVERSION = YES;
				CLANG_WARN_NON_LITERAL_NULL_CONVERSION = YES;
				CLANG_WARN_OBJC_LITERAL_CONVERSION = YES;
				CLANG_WARN_OBJC_ROOT_CLASS = YES_ERROR;
				CLANG_WARN_RANGE_LOOP_ANALYSIS = YES;
				CLANG_WARN_STRICT_PROTOTYPES = YES;
				CLANG_WARN_SUSPICIOUS_MOVE = YES;
				CLANG_WARN_UNGUARDED_AVAILABILITY = YES_AGGRESSIVE;
				CLANG_WARN_UNREACHABLE_CODE = YES;
				CLANG_WARN__DUPLICATE_METHOD_MATCH = YES;
				CODE_SIGN_IDENTITY = "iPhone Developer";
				COPY_PHASE_STRIP = NO;
				DEBUG_INFORMATION_FORMAT = dwarf;
				ENABLE_STRICT_OBJC_MSGSEND = YES;
				ENABLE_TESTABILITY = YES;
				GCC_C_LANGUAGE_STANDARD = gnu11;
				GCC_DYNAMIC_NO_PIC = NO;
				GCC_NO_COMMON_BLOCKS = YES;
				GCC_OPTIMIZATION_LEVEL = 0;
				GCC_PREPROCESSOR_DEFINITIONS = (
					"DEBUG=1",
					"$(inherited)",
				);
				GCC_WARN_64_TO_32_BIT_CONVERSION = YES;
				GCC_WARN_ABOUT_RETURN_TYPE = YES_ERROR;
				GCC_WARN_UNDECLARED_SELECTOR = YES;
				GCC_WARN_UNINITIALIZED_AUTOS = YES_AGGRESSIVE;
				GCC_WARN_UNUSED_FUNCTION = YES;
				GCC_WARN_UNUSED_VARIABLE = YES;
				IPHONEOS_DEPLOYMENT_TARGET = 11.0;
				MTL_ENABLE_DEBUG_INFO = YES;
				ONLY_ACTIVE_ARCH = YES;
				SDKROOT = iphoneos;
				SWIFT_ACTIVE_COMPILATION_CONDITIONS = DEBUG;
				SWIFT_OPTIMIZATION_LEVEL = "-Onone";
			};
			name = Debug;
		};
		83CD77661F35394B00A72DD1 /* Release */ = {
			isa = XCBuildConfiguration;
			buildSettings = {
				ALWAYS_SEARCH_USER_PATHS = NO;
				CLANG_ANALYZER_NONNULL = YES;
				CLANG_ANALYZER_NUMBER_OBJECT_CONVERSION = YES_AGGRESSIVE;
				CLANG_CXX_LANGUAGE_STANDARD = "gnu++14";
				CLANG_CXX_LIBRARY = "libc++";
				CLANG_ENABLE_MODULES = YES;
				CLANG_ENABLE_OBJC_ARC = YES;
				CLANG_WARN_BLOCK_CAPTURE_AUTORELEASING = YES;
				CLANG_WARN_BOOL_CONVERSION = YES;
				CLANG_WARN_COMMA = YES;
				CLANG_WARN_CONSTANT_CONVERSION = YES;
				CLANG_WARN_DIRECT_OBJC_ISA_USAGE = YES_ERROR;
				CLANG_WARN_DOCUMENTATION_COMMENTS = YES;
				CLANG_WARN_EMPTY_BODY = YES;
				CLANG_WARN_ENUM_CONVERSION = YES;
				CLANG_WARN_INFINITE_RECURSION = YES;
				CLANG_WARN_INT_CONVERSION = YES;
				CLANG_WARN_NON_LITERAL_NULL_CONVERSION = YES;
				CLANG_WARN_OBJC_LITERAL_CONVERSION = YES;
				CLANG_WARN_OBJC_ROOT_CLASS = YES_ERROR;
				CLANG_WARN_RANGE_LOOP_ANALYSIS = YES;
				CLANG_WARN_STRICT_PROTOTYPES = YES;
				CLANG_WARN_SUSPICIOUS_MOVE = YES;
				CLANG_WARN_UNGUARDED_AVAILABILITY = YES_AGGRESSIVE;
				CLANG_WARN_UNREACHABLE_CODE = YES;
				CLANG_WARN__DUPLICATE_METHOD_MATCH = YES;
				CODE_SIGN_IDENTITY = "iPhone Developer";
				COPY_PHASE_STRIP = NO;
				DEBUG_INFORMATION_FORMAT = "dwarf-with-dsym";
				ENABLE_NS_ASSERTIONS = NO;
				ENABLE_STRICT_OBJC_MSGSEND = YES;
				GCC_C_LANGUAGE_STANDARD = gnu11;
				GCC_NO_COMMON_BLOCKS = YES;
				GCC_WARN_64_TO_32_BIT_CONVERSION = YES;
				GCC_WARN_ABOUT_RETURN_TYPE = YES_ERROR;
				GCC_WARN_UNDECLARED_SELECTOR = YES;
				GCC_WARN_UNINITIALIZED_AUTOS = YES_AGGRESSIVE;
				GCC_WARN_UNUSED_FUNCTION = YES;
				GCC_WARN_UNUSED_VARIABLE = YES;
				IPHONEOS_DEPLOYMENT_TARGET = 11.0;
				MTL_ENABLE_DEBUG_INFO = NO;
				SDKROOT = iphoneos;
				SWIFT_OPTIMIZATION_LEVEL = "-Owholemodule";
				VALIDATE_PRODUCT = YES;
			};
			name = Release;
		};
		83CD77681F35394B00A72DD1 /* Debug */ = {
			isa = XCBuildConfiguration;
			buildSettings = {
				ASSETCATALOG_COMPILER_APPICON_NAME = AppIcon;
				DEVELOPMENT_TEAM = 34X38528D2;
				INFOPLIST_FILE = BouncingBalls/Info.plist;
				LD_RUNPATH_SEARCH_PATHS = "$(inherited) @executable_path/Frameworks";
				PRODUCT_BUNDLE_IDENTIFIER = udacity.BouncingBalls;
				PRODUCT_NAME = "$(TARGET_NAME)";
				SWIFT_VERSION = 4.0;
				TARGETED_DEVICE_FAMILY = "1,2";
			};
			name = Debug;
		};
		83CD77691F35394B00A72DD1 /* Release */ = {
			isa = XCBuildConfiguration;
			buildSettings = {
				ASSETCATALOG_COMPILER_APPICON_NAME = AppIcon;
				DEVELOPMENT_TEAM = 34X38528D2;
				INFOPLIST_FILE = BouncingBalls/Info.plist;
				LD_RUNPATH_SEARCH_PATHS = "$(inherited) @executable_path/Frameworks";
				PRODUCT_BUNDLE_IDENTIFIER = udacity.BouncingBalls;
				PRODUCT_NAME = "$(TARGET_NAME)";
				SWIFT_VERSION = 4.0;
				TARGETED_DEVICE_FAMILY = "1,2";
			};
			name = Release;
		};
/* End XCBuildConfiguration section */

/* Begin XCConfigurationList section */
		83CD774E1F35394B00A72DD1 /* Build configuration list for PBXProject "BouncingBalls" */ = {
			isa = XCConfigurationList;
			buildConfigurations = (
				83CD77651F35394B00A72DD1 /* Debug */,
				83CD77661F35394B00A72DD1 /* Release */,
			);
			defaultConfigurationIsVisible = 0;
			defaultConfigurationName = Release;
		};
		83CD77671F35394B00A72DD1 /* Build configuration list for PBXNativeTarget "BouncingBalls" */ = {
			isa = XCConfigurationList;
			buildConfigurations = (
				83CD77681F35394B00A72DD1 /* Debug */,
				83CD77691F35394B00A72DD1 /* Release */,
			);
			defaultConfigurationIsVisible = 0;
			defaultConfigurationName = Release;
		};
/* End XCConfigurationList section */
	};
	rootObject = 83CD774B1F35394B00A72DD1 /* Project object */;
}
